version = 1
revision = 2
requires-python = ">=3.13"

[[package]]
name = "anyio"
version = "4.9.0"
source = { registry = "https://pypi.org/simple" }
dependencies = [
    { name = "idna" },
    { name = "sniffio" },
]
sdist = { url = "https://files.pythonhosted.org/packages/95/7d/4c1bd541d4dffa1b52bd83fb8527089e097a106fc90b467a7313b105f840/anyio-4.9.0.tar.gz", hash = "sha256:673c0c244e15788651a4ff38710fea9675823028a6f08a5eda409e0c9840a028", size = 190949, upload-time = "2025-03-17T00:02:54.77Z" }
wheels = [
    { url = "https://files.pythonhosted.org/packages/a1/ee/48ca1a7c89ffec8b6a0c5d02b89c305671d5ffd8d3c94acf8b8c408575bb/anyio-4.9.0-py3-none-any.whl", hash = "sha256:9f76d541cad6e36af7beb62e978876f3b41e3e04f2c1fbf0884604c0a9c4d93c", size = 100916, upload-time = "2025-03-17T00:02:52.713Z" },
]

[[package]]
name = "bugs"
source = { editable = "." }
dependencies = [
    { name = "platformdirs" },
    { name = "rich" },
    { name = "tattl" },
    { name = "typer" },
    { name = "watchfiles" },
]

[package.dev-dependencies]
dev = [
    { name = "nuitka" },
    { name = "pyright" },
    { name = "ruff" },
]

[package.metadata]
requires-dist = [
    { name = "platformdirs", specifier = ">=4.3.8" },
    { name = "rich", specifier = ">=14.0.0" },
    { name = "tattl", specifier = ">=0.5.0" },
    { name = "typer", specifier = ">=0.16.0" },
    { name = "watchfiles", specifier = ">=1.0.5" },
]

[package.metadata.requires-dev]
dev = [
    { name = "nuitka", specifier = ">=2.7.5" },
    { name = "pyright", specifier = ">=1.1.400" },
    { name = "ruff", specifier = ">=0.11.8" },
]

[[package]]
name = "cffi"
version = "1.17.1"
source = { registry = "https://pypi.org/simple" }
dependencies = [
    { name = "pycparser" },
]
sdist = { url = "https://files.pythonhosted.org/packages/fc/97/c783634659c2920c3fc70419e3af40972dbaf758daa229a7d6ea6135c90d/cffi-1.17.1.tar.gz", hash = "sha256:1c39c6016c32bc48dd54561950ebd6836e1670f2ae46128f67cf49e789c52824", size = 516621, upload-time = "2024-09-04T20:45:21.852Z" }
wheels = [
    { url = "https://files.pythonhosted.org/packages/8d/f8/dd6c246b148639254dad4d6803eb6a54e8c85c6e11ec9df2cffa87571dbe/cffi-1.17.1-cp313-cp313-macosx_10_13_x86_64.whl", hash = "sha256:f3a2b4222ce6b60e2e8b337bb9596923045681d71e5a082783484d845390938e", size = 182989, upload-time = "2024-09-04T20:44:28.956Z" },
    { url = "https://files.pythonhosted.org/packages/8b/f1/672d303ddf17c24fc83afd712316fda78dc6fce1cd53011b839483e1ecc8/cffi-1.17.1-cp313-cp313-macosx_11_0_arm64.whl", hash = "sha256:0984a4925a435b1da406122d4d7968dd861c1385afe3b45ba82b750f229811e2", size = 178802, upload-time = "2024-09-04T20:44:30.289Z" },
    { url = "https://files.pythonhosted.org/packages/0e/2d/eab2e858a91fdff70533cab61dcff4a1f55ec60425832ddfdc9cd36bc8af/cffi-1.17.1-cp313-cp313-manylinux_2_12_i686.manylinux2010_i686.manylinux_2_17_i686.manylinux2014_i686.whl", hash = "sha256:d01b12eeeb4427d3110de311e1774046ad344f5b1a7403101878976ecd7a10f3", size = 454792, upload-time = "2024-09-04T20:44:32.01Z" },
    { url = "https://files.pythonhosted.org/packages/75/b2/fbaec7c4455c604e29388d55599b99ebcc250a60050610fadde58932b7ee/cffi-1.17.1-cp313-cp313-manylinux_2_17_aarch64.manylinux2014_aarch64.whl", hash = "sha256:706510fe141c86a69c8ddc029c7910003a17353970cff3b904ff0686a5927683", size = 478893, upload-time = "2024-09-04T20:44:33.606Z" },
    { url = "https://files.pythonhosted.org/packages/4f/b7/6e4a2162178bf1935c336d4da8a9352cccab4d3a5d7914065490f08c0690/cffi-1.17.1-cp313-cp313-manylinux_2_17_ppc64le.manylinux2014_ppc64le.whl", hash = "sha256:de55b766c7aa2e2a3092c51e0483d700341182f08e67c63630d5b6f200bb28e5", size = 485810, upload-time = "2024-09-04T20:44:35.191Z" },
    { url = "https://files.pythonhosted.org/packages/c7/8a/1d0e4a9c26e54746dc08c2c6c037889124d4f59dffd853a659fa545f1b40/cffi-1.17.1-cp313-cp313-manylinux_2_17_s390x.manylinux2014_s390x.whl", hash = "sha256:c59d6e989d07460165cc5ad3c61f9fd8f1b4796eacbd81cee78957842b834af4", size = 471200, upload-time = "2024-09-04T20:44:36.743Z" },
    { url = "https://files.pythonhosted.org/packages/26/9f/1aab65a6c0db35f43c4d1b4f580e8df53914310afc10ae0397d29d697af4/cffi-1.17.1-cp313-cp313-manylinux_2_17_x86_64.manylinux2014_x86_64.whl", hash = "sha256:dd398dbc6773384a17fe0d3e7eeb8d1a21c2200473ee6806bb5e6a8e62bb73dd", size = 479447, upload-time = "2024-09-04T20:44:38.492Z" },
    { url = "https://files.pythonhosted.org/packages/5f/e4/fb8b3dd8dc0e98edf1135ff067ae070bb32ef9d509d6cb0f538cd6f7483f/cffi-1.17.1-cp313-cp313-musllinux_1_1_aarch64.whl", hash = "sha256:3edc8d958eb099c634dace3c7e16560ae474aa3803a5df240542b305d14e14ed", size = 484358, upload-time = "2024-09-04T20:44:40.046Z" },
    { url = "https://files.pythonhosted.org/packages/f1/47/d7145bf2dc04684935d57d67dff9d6d795b2ba2796806bb109864be3a151/cffi-1.17.1-cp313-cp313-musllinux_1_1_x86_64.whl", hash = "sha256:72e72408cad3d5419375fc87d289076ee319835bdfa2caad331e377589aebba9", size = 488469, upload-time = "2024-09-04T20:44:41.616Z" },
    { url = "https://files.pythonhosted.org/packages/bf/ee/f94057fa6426481d663b88637a9a10e859e492c73d0384514a17d78ee205/cffi-1.17.1-cp313-cp313-win32.whl", hash = "sha256:e03eab0a8677fa80d646b5ddece1cbeaf556c313dcfac435ba11f107ba117b5d", size = 172475, upload-time = "2024-09-04T20:44:43.733Z" },
    { url = "https://files.pythonhosted.org/packages/7c/fc/6a8cb64e5f0324877d503c854da15d76c1e50eb722e320b15345c4d0c6de/cffi-1.17.1-cp313-cp313-win_amd64.whl", hash = "sha256:f6a16c31041f09ead72d69f583767292f750d24913dadacf5756b966aacb3f1a", size = 182009, upload-time = "2024-09-04T20:44:45.309Z" },
]

[[package]]
name = "click"
version = "8.2.1"
source = { registry = "https://pypi.org/simple" }
dependencies = [
    { name = "colorama", marker = "sys_platform == 'win32'" },
]
sdist = { url = "https://files.pythonhosted.org/packages/60/6c/8ca2efa64cf75a977a0d7fac081354553ebe483345c734fb6b6515d96bbc/click-8.2.1.tar.gz", hash = "sha256:27c491cc05d968d271d5a1db13e3b5a184636d9d930f148c50b038f0d0646202", size = 286342, upload-time = "2025-05-20T23:19:49.832Z" }
wheels = [
    { url = "https://files.pythonhosted.org/packages/85/32/10bb5764d90a8eee674e9dc6f4db6a0ab47c8c4d0d83c27f7c39ac415a4d/click-8.2.1-py3-none-any.whl", hash = "sha256:61a3265b914e850b85317d0b3109c7f8cd35a670f963866005d6ef1d5175a12b", size = 102215, upload-time = "2025-05-20T23:19:47.796Z" },
]

[[package]]
name = "colorama"
version = "0.4.6"
source = { registry = "https://pypi.org/simple" }
sdist = { url = "https://files.pythonhosted.org/packages/d8/53/6f443c9a4a8358a93a6792e2acffb9d9d5cb0a5cfd8802644b7b1c9a02e4/colorama-0.4.6.tar.gz", hash = "sha256:08695f5cb7ed6e0531a20572697297273c47b8cae5a63ffc6d6ed5c201be6e44", size = 27697, upload-time = "2022-10-25T02:36:22.414Z" }
wheels = [
    { url = "https://files.pythonhosted.org/packages/d1/d6/3965ed04c63042e047cb6a3e6ed1a63a35087b6a609aa3a15ed8ac56c221/colorama-0.4.6-py2.py3-none-any.whl", hash = "sha256:4f1d9991f5acc0ca119f9d443620b77f9d6b33703e51011c16baf57afb285fc6", size = 25335, upload-time = "2022-10-25T02:36:20.889Z" },
]

[[package]]
name = "idna"
version = "3.10"
source = { registry = "https://pypi.org/simple" }
sdist = { url = "https://files.pythonhosted.org/packages/f1/70/7703c29685631f5a7590aa73f1f1d3fa9a380e654b86af429e0934a32f7d/idna-3.10.tar.gz", hash = "sha256:12f65c9b470abda6dc35cf8e63cc574b1c52b11df2c86030af0ac09b01b13ea9", size = 190490, upload-time = "2024-09-15T18:07:39.745Z" }
wheels = [
    { url = "https://files.pythonhosted.org/packages/76/c6/c88e154df9c4e1a2a66ccf0005a88dfb2650c1dffb6f5ce603dfbd452ce3/idna-3.10-py3-none-any.whl", hash = "sha256:946d195a0d259cbba61165e88e65941f16e9b36ea6ddb97f00452bae8b1287d3", size = 70442, upload-time = "2024-09-15T18:07:37.964Z" },
]

[[package]]
name = "markdown-it-py"
version = "3.0.0"
source = { registry = "https://pypi.org/simple" }
dependencies = [
    { name = "mdurl" },
]
sdist = { url = "https://files.pythonhosted.org/packages/38/71/3b932df36c1a044d397a1f92d1cf91ee0a503d91e470cbd670aa66b07ed0/markdown-it-py-3.0.0.tar.gz", hash = "sha256:e3f60a94fa066dc52ec76661e37c851cb232d92f9886b15cb560aaada2df8feb", size = 74596, upload-time = "2023-06-03T06:41:14.443Z" }
wheels = [
    { url = "https://files.pythonhosted.org/packages/42/d7/1ec15b46af6af88f19b8e5ffea08fa375d433c998b8a7639e76935c14f1f/markdown_it_py-3.0.0-py3-none-any.whl", hash = "sha256:355216845c60bd96232cd8d8c40e8f9765cc86f46880e43a8fd22dc1a1a8cab1", size = 87528, upload-time = "2023-06-03T06:41:11.019Z" },
]

[[package]]
name = "mdurl"
version = "0.1.2"
source = { registry = "https://pypi.org/simple" }
sdist = { url = "https://files.pythonhosted.org/packages/d6/54/cfe61301667036ec958cb99bd3efefba235e65cdeb9c84d24a8293ba1d90/mdurl-0.1.2.tar.gz", hash = "sha256:bb413d29f5eea38f31dd4754dd7377d4465116fb207585f97bf925588687c1ba", size = 8729, upload-time = "2022-08-14T12:40:10.846Z" }
wheels = [
    { url = "https://files.pythonhosted.org/packages/b3/38/89ba8ad64ae25be8de66a6d463314cf1eb366222074cfda9ee839c56a4b4/mdurl-0.1.2-py3-none-any.whl", hash = "sha256:84008a41e51615a49fc9966191ff91509e3c40b939176e643fd50a5c2196b8f8", size = 9979, upload-time = "2022-08-14T12:40:09.779Z" },
]

[[package]]
name = "nodeenv"
version = "1.9.1"
source = { registry = "https://pypi.org/simple" }
sdist = { url = "https://files.pythonhosted.org/packages/43/16/fc88b08840de0e0a72a2f9d8c6bae36be573e475a6326ae854bcc549fc45/nodeenv-1.9.1.tar.gz", hash = "sha256:6ec12890a2dab7946721edbfbcd91f3319c6ccc9aec47be7c7e6b7011ee6645f", size = 47437, upload-time = "2024-06-04T18:44:11.171Z" }
wheels = [
    { url = "https://files.pythonhosted.org/packages/d2/1d/1b658dbd2b9fa9c4c9f32accbfc0205d532c8c6194dc0f2a4c0428e7128a/nodeenv-1.9.1-py2.py3-none-any.whl", hash = "sha256:ba11c9782d29c27c70ffbdda2d7415098754709be8a7056d79a737cd901155c9", size = 22314, upload-time = "2024-06-04T18:44:08.352Z" },
]

[[package]]
name = "nuitka"
version = "2.7.5"
source = { registry = "https://pypi.org/simple" }
dependencies = [
    { name = "ordered-set" },
    { name = "zstandard" },
]
sdist = { url = "https://files.pythonhosted.org/packages/8a/13/7ba2c0b38b974b666d3bcdded84235933880e0d5c02d889f88b42bf0618c/Nuitka-2.7.5.tar.gz", hash = "sha256:37d0f8b59fbffb7c9f882f6a6410d40fb9d8f312c33951aa324f84677874e2a1", size = 3885564, upload-time = "2025-05-29T16:21:13.481Z" }

[[package]]
name = "ordered-set"
version = "4.1.0"
source = { registry = "https://pypi.org/simple" }
sdist = { url = "https://files.pythonhosted.org/packages/4c/ca/bfac8bc689799bcca4157e0e0ced07e70ce125193fc2e166d2e685b7e2fe/ordered-set-4.1.0.tar.gz", hash = "sha256:694a8e44c87657c59292ede72891eb91d34131f6531463aab3009191c77364a8", size = 12826, upload-time = "2022-01-26T14:38:56.6Z" }
wheels = [
    { url = "https://files.pythonhosted.org/packages/33/55/af02708f230eb77084a299d7b08175cff006dea4f2721074b92cdb0296c0/ordered_set-4.1.0-py3-none-any.whl", hash = "sha256:046e1132c71fcf3330438a539928932caf51ddbc582496833e23de611de14562", size = 7634, upload-time = "2022-01-26T14:38:48.677Z" },
]

[[package]]
name = "platformdirs"
version = "4.3.8"
source = { registry = "https://pypi.org/simple" }
sdist = { url = "https://files.pythonhosted.org/packages/fe/8b/3c73abc9c759ecd3f1f7ceff6685840859e8070c4d947c93fae71f6a0bf2/platformdirs-4.3.8.tar.gz", hash = "sha256:3d512d96e16bcb959a814c9f348431070822a6496326a4be0911c40b5a74c2bc", size = 21362, upload-time = "2025-05-07T22:47:42.121Z" }
wheels = [
    { url = "https://files.pythonhosted.org/packages/fe/39/979e8e21520d4e47a0bbe349e2713c0aac6f3d853d0e5b34d76206c439aa/platformdirs-4.3.8-py3-none-any.whl", hash = "sha256:ff7059bb7eb1179e2685604f4aaf157cfd9535242bd23742eadc3c13542139b4", size = 18567, upload-time = "2025-05-07T22:47:40.376Z" },
]

[[package]]
name = "pycparser"
version = "2.22"
source = { registry = "https://pypi.org/simple" }
sdist = { url = "https://files.pythonhosted.org/packages/1d/b2/31537cf4b1ca988837256c910a668b553fceb8f069bedc4b1c826024b52c/pycparser-2.22.tar.gz", hash = "sha256:491c8be9c040f5390f5bf44a5b07752bd07f56edf992381b05c701439eec10f6", size = 172736, upload-time = "2024-03-30T13:22:22.564Z" }
wheels = [
    { url = "https://files.pythonhosted.org/packages/13/a3/a812df4e2dd5696d1f351d58b8fe16a405b234ad2886a0dab9183fb78109/pycparser-2.22-py3-none-any.whl", hash = "sha256:c3702b6d3dd8c7abc1afa565d7e63d53a1d0bd86cdc24edd75470f4de499cfcc", size = 117552, upload-time = "2024-03-30T13:22:20.476Z" },
]

[[package]]
name = "pygments"
version = "2.19.1"
source = { registry = "https://pypi.org/simple" }
sdist = { url = "https://files.pythonhosted.org/packages/7c/2d/c3338d48ea6cc0feb8446d8e6937e1408088a72a39937982cc6111d17f84/pygments-2.19.1.tar.gz", hash = "sha256:61c16d2a8576dc0649d9f39e089b5f02bcd27fba10d8fb4dcc28173f7a45151f", size = 4968581, upload-time = "2025-01-06T17:26:30.443Z" }
wheels = [
    { url = "https://files.pythonhosted.org/packages/8a/0b/9fcc47d19c48b59121088dd6da2488a49d5f72dacf8262e2790a1d2c7d15/pygments-2.19.1-py3-none-any.whl", hash = "sha256:9ea1544ad55cecf4b8242fab6dd35a93bbce657034b0611ee383099054ab6d8c", size = 1225293, upload-time = "2025-01-06T17:26:25.553Z" },
]

[[package]]
name = "pyright"
version = "1.1.400"
source = { registry = "https://pypi.org/simple" }
dependencies = [
    { name = "nodeenv" },
    { name = "typing-extensions" },
]
sdist = { url = "https://files.pythonhosted.org/packages/6c/cb/c306618a02d0ee8aed5fb8d0fe0ecfed0dbf075f71468f03a30b5f4e1fe0/pyright-1.1.400.tar.gz", hash = "sha256:b8a3ba40481aa47ba08ffb3228e821d22f7d391f83609211335858bf05686bdb", size = 3846546, upload-time = "2025-04-24T12:55:18.907Z" }
wheels = [
    { url = "https://files.pythonhosted.org/packages/c8/a5/5d285e4932cf149c90e3c425610c5efaea005475d5f96f1bfdb452956c62/pyright-1.1.400-py3-none-any.whl", hash = "sha256:c80d04f98b5a4358ad3a35e241dbf2a408eee33a40779df365644f8054d2517e", size = 5563460, upload-time = "2025-04-24T12:55:17.002Z" },
]

[[package]]
name = "rich"
version = "14.0.0"
source = { registry = "https://pypi.org/simple" }
dependencies = [
    { name = "markdown-it-py" },
    { name = "pygments" },
]
sdist = { url = "https://files.pythonhosted.org/packages/a1/53/830aa4c3066a8ab0ae9a9955976fb770fe9c6102117c8ec4ab3ea62d89e8/rich-14.0.0.tar.gz", hash = "sha256:82f1bc23a6a21ebca4ae0c45af9bdbc492ed20231dcb63f297d6d1021a9d5725", size = 224078, upload-time = "2025-03-30T14:15:14.23Z" }
wheels = [
    { url = "https://files.pythonhosted.org/packages/0d/9b/63f4c7ebc259242c89b3acafdb37b41d1185c07ff0011164674e9076b491/rich-14.0.0-py3-none-any.whl", hash = "sha256:1c9491e1951aac09caffd42f448ee3d04e58923ffe14993f6e83068dc395d7e0", size = 243229, upload-time = "2025-03-30T14:15:12.283Z" },
]

[[package]]
name = "ruff"
version = "0.11.12"
source = { registry = "https://pypi.org/simple" }
sdist = { url = "https://files.pythonhosted.org/packages/15/0a/92416b159ec00cdf11e5882a9d80d29bf84bba3dbebc51c4898bfbca1da6/ruff-0.11.12.tar.gz", hash = "sha256:43cf7f69c7d7c7d7513b9d59c5d8cafd704e05944f978614aa9faff6ac202603", size = 4202289, upload-time = "2025-05-29T13:31:40.037Z" }
wheels = [
    { url = "https://files.pythonhosted.org/packages/60/cc/53eb79f012d15e136d40a8e8fc519ba8f55a057f60b29c2df34efd47c6e3/ruff-0.11.12-py3-none-linux_armv6l.whl", hash = "sha256:c7680aa2f0d4c4f43353d1e72123955c7a2159b8646cd43402de6d4a3a25d7cc", size = 10285597, upload-time = "2025-05-29T13:30:57.539Z" },
    { url = "https://files.pythonhosted.org/packages/e7/d7/73386e9fb0232b015a23f62fea7503f96e29c29e6c45461d4a73bac74df9/ruff-0.11.12-py3-none-macosx_10_12_x86_64.whl", hash = "sha256:2cad64843da9f134565c20bcc430642de897b8ea02e2e79e6e02a76b8dcad7c3", size = 11053154, upload-time = "2025-05-29T13:31:00.865Z" },
    { url = "https://files.pythonhosted.org/packages/4e/eb/3eae144c5114e92deb65a0cb2c72326c8469e14991e9bc3ec0349da1331c/ruff-0.11.12-py3-none-macosx_11_0_arm64.whl", hash = "sha256:9b6886b524a1c659cee1758140138455d3c029783d1b9e643f3624a5ee0cb0aa", size = 10403048, upload-time = "2025-05-29T13:31:03.413Z" },
    { url = "https://files.pythonhosted.org/packages/29/64/20c54b20e58b1058db6689e94731f2a22e9f7abab74e1a758dfba058b6ca/ruff-0.11.12-py3-none-manylinux_2_17_aarch64.manylinux2014_aarch64.whl", hash = "sha256:3cc3a3690aad6e86c1958d3ec3c38c4594b6ecec75c1f531e84160bd827b2012", size = 10597062, upload-time = "2025-05-29T13:31:05.539Z" },
    { url = "https://files.pythonhosted.org/packages/29/3a/79fa6a9a39422a400564ca7233a689a151f1039110f0bbbabcb38106883a/ruff-0.11.12-py3-none-manylinux_2_17_armv7l.manylinux2014_armv7l.whl", hash = "sha256:f97fdbc2549f456c65b3b0048560d44ddd540db1f27c778a938371424b49fe4a", size = 10155152, upload-time = "2025-05-29T13:31:07.986Z" },
    { url = "https://files.pythonhosted.org/packages/e5/a4/22c2c97b2340aa968af3a39bc38045e78d36abd4ed3fa2bde91c31e712e3/ruff-0.11.12-py3-none-manylinux_2_17_i686.manylinux2014_i686.whl", hash = "sha256:74adf84960236961090e2d1348c1a67d940fd12e811a33fb3d107df61eef8fc7", size = 11723067, upload-time = "2025-05-29T13:31:10.57Z" },
    { url = "https://files.pythonhosted.org/packages/bc/cf/3e452fbd9597bcd8058856ecd42b22751749d07935793a1856d988154151/ruff-0.11.12-py3-none-manylinux_2_17_ppc64.manylinux2014_ppc64.whl", hash = "sha256:b56697e5b8bcf1d61293ccfe63873aba08fdbcbbba839fc046ec5926bdb25a3a", size = 12460807, upload-time = "2025-05-29T13:31:12.88Z" },
    { url = "https://files.pythonhosted.org/packages/2f/ec/8f170381a15e1eb7d93cb4feef8d17334d5a1eb33fee273aee5d1f8241a3/ruff-0.11.12-py3-none-manylinux_2_17_ppc64le.manylinux2014_ppc64le.whl", hash = "sha256:4d47afa45e7b0eaf5e5969c6b39cbd108be83910b5c74626247e366fd7a36a13", size = 12063261, upload-time = "2025-05-29T13:31:15.236Z" },
    { url = "https://files.pythonhosted.org/packages/0d/bf/57208f8c0a8153a14652a85f4116c0002148e83770d7a41f2e90b52d2b4e/ruff-0.11.12-py3-none-manylinux_2_17_s390x.manylinux2014_s390x.whl", hash = "sha256:692bf9603fe1bf949de8b09a2da896f05c01ed7a187f4a386cdba6760e7f61be", size = 11329601, upload-time = "2025-05-29T13:31:18.68Z" },
    { url = "https://files.pythonhosted.org/packages/c3/56/edf942f7fdac5888094d9ffa303f12096f1a93eb46570bcf5f14c0c70880/ruff-0.11.12-py3-none-manylinux_2_17_x86_64.manylinux2014_x86_64.whl", hash = "sha256:08033320e979df3b20dba567c62f69c45e01df708b0f9c83912d7abd3e0801cd", size = 11522186, upload-time = "2025-05-29T13:31:21.216Z" },
    { url = "https://files.pythonhosted.org/packages/ed/63/79ffef65246911ed7e2290aeece48739d9603b3a35f9529fec0fc6c26400/ruff-0.11.12-py3-none-musllinux_1_2_aarch64.whl", hash = "sha256:929b7706584f5bfd61d67d5070f399057d07c70585fa8c4491d78ada452d3bef", size = 10449032, upload-time = "2025-05-29T13:31:23.417Z" },
    { url = "https://files.pythonhosted.org/packages/88/19/8c9d4d8a1c2a3f5a1ea45a64b42593d50e28b8e038f1aafd65d6b43647f3/ruff-0.11.12-py3-none-musllinux_1_2_armv7l.whl", hash = "sha256:7de4a73205dc5756b8e09ee3ed67c38312dce1aa28972b93150f5751199981b5", size = 10129370, upload-time = "2025-05-29T13:31:25.777Z" },
    { url = "https://files.pythonhosted.org/packages/bc/0f/2d15533eaa18f460530a857e1778900cd867ded67f16c85723569d54e410/ruff-0.11.12-py3-none-musllinux_1_2_i686.whl", hash = "sha256:2635c2a90ac1b8ca9e93b70af59dfd1dd2026a40e2d6eebaa3efb0465dd9cf02", size = 11123529, upload-time = "2025-05-29T13:31:28.396Z" },
    { url = "https://files.pythonhosted.org/packages/4f/e2/4c2ac669534bdded835356813f48ea33cfb3a947dc47f270038364587088/ruff-0.11.12-py3-none-musllinux_1_2_x86_64.whl", hash = "sha256:d05d6a78a89166f03f03a198ecc9d18779076ad0eec476819467acb401028c0c", size = 11577642, upload-time = "2025-05-29T13:31:30.647Z" },
    { url = "https://files.pythonhosted.org/packages/a7/9b/c9ddf7f924d5617a1c94a93ba595f4b24cb5bc50e98b94433ab3f7ad27e5/ruff-0.11.12-py3-none-win32.whl", hash = "sha256:f5a07f49767c4be4772d161bfc049c1f242db0cfe1bd976e0f0886732a4765d6", size = 10475511, upload-time = "2025-05-29T13:31:32.917Z" },
    { url = "https://files.pythonhosted.org/packages/fd/d6/74fb6d3470c1aada019ffff33c0f9210af746cca0a4de19a1f10ce54968a/ruff-0.11.12-py3-none-win_amd64.whl", hash = "sha256:5a4d9f8030d8c3a45df201d7fb3ed38d0219bccd7955268e863ee4a115fa0832", size = 11523573, upload-time = "2025-05-29T13:31:35.782Z" },
    { url = "https://files.pythonhosted.org/packages/44/42/d58086ec20f52d2b0140752ae54b355ea2be2ed46f914231136dd1effcc7/ruff-0.11.12-py3-none-win_arm64.whl", hash = "sha256:65194e37853158d368e333ba282217941029a28ea90913c67e558c611d04daa5", size = 10697770, upload-time = "2025-05-29T13:31:38.009Z" },
]

[[package]]
name = "shellingham"
version = "1.5.4"
source = { registry = "https://pypi.org/simple" }
sdist = { url = "https://files.pythonhosted.org/packages/58/15/8b3609fd3830ef7b27b655beb4b4e9c62313a4e8da8c676e142cc210d58e/shellingham-1.5.4.tar.gz", hash = "sha256:8dbca0739d487e5bd35ab3ca4b36e11c4078f3a234bfce294b0a0291363404de", size = 10310, upload-time = "2023-10-24T04:13:40.426Z" }
wheels = [
    { url = "https://files.pythonhosted.org/packages/e0/f9/0595336914c5619e5f28a1fb793285925a8cd4b432c9da0a987836c7f822/shellingham-1.5.4-py2.py3-none-any.whl", hash = "sha256:7ecfff8f2fd72616f7481040475a65b2bf8af90a56c89140852d1120324e8686", size = 9755, upload-time = "2023-10-24T04:13:38.866Z" },
]

[[package]]
name = "sniffio"
version = "1.3.1"
source = { registry = "https://pypi.org/simple" }
sdist = { url = "https://files.pythonhosted.org/packages/a2/87/a6771e1546d97e7e041b6ae58d80074f81b7d5121207425c964ddf5cfdbd/sniffio-1.3.1.tar.gz", hash = "sha256:f4324edc670a0f49750a81b895f35c3adb843cca46f0530f79fc1babb23789dc", size = 20372, upload-time = "2024-02-25T23:20:04.057Z" }
wheels = [
    { url = "https://files.pythonhosted.org/packages/e9/44/75a9c9421471a6c4805dbf2356f7c181a29c1879239abab1ea2cc8f38b40/sniffio-1.3.1-py3-none-any.whl", hash = "sha256:2f6da418d1f1e0fddd844478f41680e794e6051915791a034ff65e5f100525a2", size = 10235, upload-time = "2024-02-25T23:20:01.196Z" },
]

[[package]]
name = "tattl"
version = "0.5.0"
source = { registry = "https://pypi.org/simple" }
sdist = { url = "https://files.pythonhosted.org/packages/af/85/7477afdec496d28d791ffd1da4b31551ff186eca67427f11b51aafddcfc3/tattl-0.5.0.tar.gz", hash = "sha256:137ad1ed6b57c5543fdefabf573f83458581416632d5b34bb764489ebac4892c", size = 38910, upload-time = "2025-05-31T13:52:13.603Z" }
wheels = [
    { url = "https://files.pythonhosted.org/packages/f0/a8/062cae978e78e64a585783ef7a4b5a1de8e2bc7cd5517664544f3c9ed129/tattl-0.5.0-py3-none-any.whl", hash = "sha256:9214ef4e89ac1f23000f7b606b17e942c4e49319a31e441355d4a9372a97a524", size = 8507, upload-time = "2025-05-31T13:52:12.371Z" },
]

[[package]]
name = "typer"
version = "0.16.0"
source = { registry = "https://pypi.org/simple" }
dependencies = [
    { name = "click" },
    { name = "rich" },
    { name = "shellingham" },
    { name = "typing-extensions" },
]
sdist = { url = "https://files.pythonhosted.org/packages/c5/8c/7d682431efca5fd290017663ea4588bf6f2c6aad085c7f108c5dbc316e70/typer-0.16.0.tar.gz", hash = "sha256:af377ffaee1dbe37ae9440cb4e8f11686ea5ce4e9bae01b84ae7c63b87f1dd3b", size = 102625, upload-time = "2025-05-26T14:30:31.824Z" }
wheels = [
    { url = "https://files.pythonhosted.org/packages/76/42/3efaf858001d2c2913de7f354563e3a3a2f0decae3efe98427125a8f441e/typer-0.16.0-py3-none-any.whl", hash = "sha256:1f79bed11d4d02d4310e3c1b7ba594183bcedb0ac73b27a9e5f28f6fb5b98855", size = 46317, upload-time = "2025-05-26T14:30:30.523Z" },
]

[[package]]
name = "typing-extensions"
version = "4.13.2"
source = { registry = "https://pypi.org/simple" }
sdist = { url = "https://files.pythonhosted.org/packages/f6/37/23083fcd6e35492953e8d2aaaa68b860eb422b34627b13f2ce3eb6106061/typing_extensions-4.13.2.tar.gz", hash = "sha256:e6c81219bd689f51865d9e372991c540bda33a0379d5573cddb9a3a23f7caaef", size = 106967, upload-time = "2025-04-10T14:19:05.416Z" }
wheels = [
    { url = "https://files.pythonhosted.org/packages/8b/54/b1ae86c0973cc6f0210b53d508ca3641fb6d0c56823f288d108bc7ab3cc8/typing_extensions-4.13.2-py3-none-any.whl", hash = "sha256:a439e7c04b49fec3e5d3e2beaa21755cadbbdc391694e28ccdd36ca4a1408f8c", size = 45806, upload-time = "2025-04-10T14:19:03.967Z" },
]

[[package]]
name = "watchfiles"
version = "1.0.5"
source = { registry = "https://pypi.org/simple" }
dependencies = [
    { name = "anyio" },
]
sdist = { url = "https://files.pythonhosted.org/packages/03/e2/8ed598c42057de7aa5d97c472254af4906ff0a59a66699d426fc9ef795d7/watchfiles-1.0.5.tar.gz", hash = "sha256:b7529b5dcc114679d43827d8c35a07c493ad6f083633d573d81c660abc5979e9", size = 94537, upload-time = "2025-04-08T10:36:26.722Z" }
wheels = [
    { url = "https://files.pythonhosted.org/packages/c7/62/435766874b704f39b2fecd8395a29042db2b5ec4005bd34523415e9bd2e0/watchfiles-1.0.5-cp313-cp313-macosx_10_12_x86_64.whl", hash = "sha256:0b289572c33a0deae62daa57e44a25b99b783e5f7aed81b314232b3d3c81a11d", size = 401531, upload-time = "2025-04-08T10:35:35.792Z" },
    { url = "https://files.pythonhosted.org/packages/6e/a6/e52a02c05411b9cb02823e6797ef9bbba0bfaf1bb627da1634d44d8af833/watchfiles-1.0.5-cp313-cp313-macosx_11_0_arm64.whl", hash = "sha256:a056c2f692d65bf1e99c41045e3bdcaea3cb9e6b5a53dcaf60a5f3bd95fc9763", size = 392417, upload-time = "2025-04-08T10:35:37.048Z" },
    { url = "https://files.pythonhosted.org/packages/3f/53/c4af6819770455932144e0109d4854437769672d7ad897e76e8e1673435d/watchfiles-1.0.5-cp313-cp313-manylinux_2_17_aarch64.manylinux2014_aarch64.whl", hash = "sha256:b9dca99744991fc9850d18015c4f0438865414e50069670f5f7eee08340d8b40", size = 453423, upload-time = "2025-04-08T10:35:38.357Z" },
    { url = "https://files.pythonhosted.org/packages/cb/d1/8e88df58bbbf819b8bc5cfbacd3c79e01b40261cad0fc84d1e1ebd778a07/watchfiles-1.0.5-cp313-cp313-manylinux_2_17_armv7l.manylinux2014_armv7l.whl", hash = "sha256:894342d61d355446d02cd3988a7326af344143eb33a2fd5d38482a92072d9563", size = 458185, upload-time = "2025-04-08T10:35:39.708Z" },
    { url = "https://files.pythonhosted.org/packages/ff/70/fffaa11962dd5429e47e478a18736d4e42bec42404f5ee3b92ef1b87ad60/watchfiles-1.0.5-cp313-cp313-manylinux_2_17_i686.manylinux2014_i686.whl", hash = "sha256:ab44e1580924d1ffd7b3938e02716d5ad190441965138b4aa1d1f31ea0877f04", size = 486696, upload-time = "2025-04-08T10:35:41.469Z" },
    { url = "https://files.pythonhosted.org/packages/39/db/723c0328e8b3692d53eb273797d9a08be6ffb1d16f1c0ba2bdbdc2a3852c/watchfiles-1.0.5-cp313-cp313-manylinux_2_17_ppc64le.manylinux2014_ppc64le.whl", hash = "sha256:d6f9367b132078b2ceb8d066ff6c93a970a18c3029cea37bfd7b2d3dd2e5db8f", size = 522327, upload-time = "2025-04-08T10:35:43.289Z" },
    { url = "https://files.pythonhosted.org/packages/cd/05/9fccc43c50c39a76b68343484b9da7b12d42d0859c37c61aec018c967a32/watchfiles-1.0.5-cp313-cp313-manylinux_2_17_s390x.manylinux2014_s390x.whl", hash = "sha256:f2e55a9b162e06e3f862fb61e399fe9f05d908d019d87bf5b496a04ef18a970a", size = 499741, upload-time = "2025-04-08T10:35:44.574Z" },
    { url = "https://files.pythonhosted.org/packages/23/14/499e90c37fa518976782b10a18b18db9f55ea73ca14641615056f8194bb3/watchfiles-1.0.5-cp313-cp313-manylinux_2_17_x86_64.manylinux2014_x86_64.whl", hash = "sha256:0125f91f70e0732a9f8ee01e49515c35d38ba48db507a50c5bdcad9503af5827", size = 453995, upload-time = "2025-04-08T10:35:46.336Z" },
    { url = "https://files.pythonhosted.org/packages/61/d9/f75d6840059320df5adecd2c687fbc18960a7f97b55c300d20f207d48aef/watchfiles-1.0.5-cp313-cp313-musllinux_1_1_aarch64.whl", hash = "sha256:13bb21f8ba3248386337c9fa51c528868e6c34a707f729ab041c846d52a0c69a", size = 629693, upload-time = "2025-04-08T10:35:48.161Z" },
    { url = "https://files.pythonhosted.org/packages/fc/17/180ca383f5061b61406477218c55d66ec118e6c0c51f02d8142895fcf0a9/watchfiles-1.0.5-cp313-cp313-musllinux_1_1_x86_64.whl", hash = "sha256:839ebd0df4a18c5b3c1b890145b5a3f5f64063c2a0d02b13c76d78fe5de34936", size = 624677, upload-time = "2025-04-08T10:35:49.65Z" },
    { url = "https://files.pythonhosted.org/packages/bf/15/714d6ef307f803f236d69ee9d421763707899d6298d9f3183e55e366d9af/watchfiles-1.0.5-cp313-cp313-win32.whl", hash = "sha256:4a8ec1e4e16e2d5bafc9ba82f7aaecfeec990ca7cd27e84fb6f191804ed2fcfc", size = 277804, upload-time = "2025-04-08T10:35:51.093Z" },
    { url = "https://files.pythonhosted.org/packages/a8/b4/c57b99518fadf431f3ef47a610839e46e5f8abf9814f969859d1c65c02c7/watchfiles-1.0.5-cp313-cp313-win_amd64.whl", hash = "sha256:f436601594f15bf406518af922a89dcaab416568edb6f65c4e5bbbad1ea45c11", size = 291087, upload-time = "2025-04-08T10:35:52.458Z" },
]

[[package]]
name = "zstandard"
version = "0.23.0"
source = { registry = "https://pypi.org/simple" }
dependencies = [
    { name = "cffi", marker = "platform_python_implementation == 'PyPy'" },
]
sdist = { url = "https://files.pythonhosted.org/packages/ed/f6/2ac0287b442160a89d726b17a9184a4c615bb5237db763791a7fd16d9df1/zstandard-0.23.0.tar.gz", hash = "sha256:b2d8c62d08e7255f68f7a740bae85b3c9b8e5466baa9cbf7f57f1cde0ac6bc09", size = 681701, upload-time = "2024-07-15T00:18:06.141Z" }
wheels = [
    { url = "https://files.pythonhosted.org/packages/80/f1/8386f3f7c10261fe85fbc2c012fdb3d4db793b921c9abcc995d8da1b7a80/zstandard-0.23.0-cp313-cp313-macosx_10_13_x86_64.whl", hash = "sha256:576856e8594e6649aee06ddbfc738fec6a834f7c85bf7cadd1c53d4a58186ef9", size = 788975, upload-time = "2024-07-15T00:16:16.005Z" },
    { url = "https://files.pythonhosted.org/packages/16/e8/cbf01077550b3e5dc86089035ff8f6fbbb312bc0983757c2d1117ebba242/zstandard-0.23.0-cp313-cp313-macosx_11_0_arm64.whl", hash = "sha256:38302b78a850ff82656beaddeb0bb989a0322a8bbb1bf1ab10c17506681d772a", size = 633448, upload-time = "2024-07-15T00:16:17.897Z" },
    { url = "https://files.pythonhosted.org/packages/06/27/4a1b4c267c29a464a161aeb2589aff212b4db653a1d96bffe3598f3f0d22/zstandard-0.23.0-cp313-cp313-manylinux_2_17_aarch64.manylinux2014_aarch64.whl", hash = "sha256:d2240ddc86b74966c34554c49d00eaafa8200a18d3a5b6ffbf7da63b11d74ee2", size = 4945269, upload-time = "2024-07-15T00:16:20.136Z" },
    { url = "https://files.pythonhosted.org/packages/7c/64/d99261cc57afd9ae65b707e38045ed8269fbdae73544fd2e4a4d50d0ed83/zstandard-0.23.0-cp313-cp313-manylinux_2_17_ppc64le.manylinux2014_ppc64le.whl", hash = "sha256:2ef230a8fd217a2015bc91b74f6b3b7d6522ba48be29ad4ea0ca3a3775bf7dd5", size = 5306228, upload-time = "2024-07-15T00:16:23.398Z" },
    { url = "https://files.pythonhosted.org/packages/7a/cf/27b74c6f22541f0263016a0fd6369b1b7818941de639215c84e4e94b2a1c/zstandard-0.23.0-cp313-cp313-manylinux_2_17_s390x.manylinux2014_s390x.whl", hash = "sha256:774d45b1fac1461f48698a9d4b5fa19a69d47ece02fa469825b442263f04021f", size = 5336891, upload-time = "2024-07-15T00:16:26.391Z" },
    { url = "https://files.pythonhosted.org/packages/fa/18/89ac62eac46b69948bf35fcd90d37103f38722968e2981f752d69081ec4d/zstandard-0.23.0-cp313-cp313-manylinux_2_17_x86_64.manylinux2014_x86_64.whl", hash = "sha256:6f77fa49079891a4aab203d0b1744acc85577ed16d767b52fc089d83faf8d8ed", size = 5436310, upload-time = "2024-07-15T00:16:29.018Z" },
    { url = "https://files.pythonhosted.org/packages/a8/a8/5ca5328ee568a873f5118d5b5f70d1f36c6387716efe2e369010289a5738/zstandard-0.23.0-cp313-cp313-manylinux_2_5_i686.manylinux1_i686.manylinux_2_17_i686.manylinux2014_i686.whl", hash = "sha256:ac184f87ff521f4840e6ea0b10c0ec90c6b1dcd0bad2f1e4a9a1b4fa177982ea", size = 4859912, upload-time = "2024-07-15T00:16:31.871Z" },
    { url = "https://files.pythonhosted.org/packages/ea/ca/3781059c95fd0868658b1cf0440edd832b942f84ae60685d0cfdb808bca1/zstandard-0.23.0-cp313-cp313-musllinux_1_1_aarch64.whl", hash = "sha256:c363b53e257246a954ebc7c488304b5592b9c53fbe74d03bc1c64dda153fb847", size = 4936946, upload-time = "2024-07-15T00:16:34.593Z" },
    { url = "https://files.pythonhosted.org/packages/ce/11/41a58986f809532742c2b832c53b74ba0e0a5dae7e8ab4642bf5876f35de/zstandard-0.23.0-cp313-cp313-musllinux_1_1_x86_64.whl", hash = "sha256:e7792606d606c8df5277c32ccb58f29b9b8603bf83b48639b7aedf6df4fe8171", size = 5466994, upload-time = "2024-07-15T00:16:36.887Z" },
    { url = "https://files.pythonhosted.org/packages/83/e3/97d84fe95edd38d7053af05159465d298c8b20cebe9ccb3d26783faa9094/zstandard-0.23.0-cp313-cp313-musllinux_1_2_aarch64.whl", hash = "sha256:a0817825b900fcd43ac5d05b8b3079937073d2b1ff9cf89427590718b70dd840", size = 4848681, upload-time = "2024-07-15T00:16:39.709Z" },
    { url = "https://files.pythonhosted.org/packages/6e/99/cb1e63e931de15c88af26085e3f2d9af9ce53ccafac73b6e48418fd5a6e6/zstandard-0.23.0-cp313-cp313-musllinux_1_2_i686.whl", hash = "sha256:9da6bc32faac9a293ddfdcb9108d4b20416219461e4ec64dfea8383cac186690", size = 4694239, upload-time = "2024-07-15T00:16:41.83Z" },
    { url = "https://files.pythonhosted.org/packages/ab/50/b1e703016eebbc6501fc92f34db7b1c68e54e567ef39e6e59cf5fb6f2ec0/zstandard-0.23.0-cp313-cp313-musllinux_1_2_ppc64le.whl", hash = "sha256:fd7699e8fd9969f455ef2926221e0233f81a2542921471382e77a9e2f2b57f4b", size = 5200149, upload-time = "2024-07-15T00:16:44.287Z" },
    { url = "https://files.pythonhosted.org/packages/aa/e0/932388630aaba70197c78bdb10cce2c91fae01a7e553b76ce85471aec690/zstandard-0.23.0-cp313-cp313-musllinux_1_2_s390x.whl", hash = "sha256:d477ed829077cd945b01fc3115edd132c47e6540ddcd96ca169facff28173057", size = 5655392, upload-time = "2024-07-15T00:16:46.423Z" },
    { url = "https://files.pythonhosted.org/packages/02/90/2633473864f67a15526324b007a9f96c96f56d5f32ef2a56cc12f9548723/zstandard-0.23.0-cp313-cp313-musllinux_1_2_x86_64.whl", hash = "sha256:fa6ce8b52c5987b3e34d5674b0ab529a4602b632ebab0a93b07bfb4dfc8f8a33", size = 5191299, upload-time = "2024-07-15T00:16:49.053Z" },
    { url = "https://files.pythonhosted.org/packages/b0/4c/315ca5c32da7e2dc3455f3b2caee5c8c2246074a61aac6ec3378a97b7136/zstandard-0.23.0-cp313-cp313-win32.whl", hash = "sha256:a9b07268d0c3ca5c170a385a0ab9fb7fdd9f5fd866be004c4ea39e44edce47dd", size = 430862, upload-time = "2024-07-15T00:16:51.003Z" },
    { url = "https://files.pythonhosted.org/packages/a2/bf/c6aaba098e2d04781e8f4f7c0ba3c7aa73d00e4c436bcc0cf059a66691d1/zstandard-0.23.0-cp313-cp313-win_amd64.whl", hash = "sha256:f3513916e8c645d0610815c257cbfd3242adfd5c4cfa78be514e5a3ebb42a41b", size = 495578, upload-time = "2024-07-15T00:16:53.135Z" },
]
